<?xml version="1.0" encoding="utf-8"?>
<Project ToolsVersion="4.0" xmlns="http://schemas.microsoft.com/developer/msbuild/2003">
  <ItemGroup>
    <Filter Include="xui">
      <UniqueIdentifier>{497dca65-fc9f-4cac-9523-bb9748e0e132}</UniqueIdentifier>
    </Filter>
    <Filter Include="xui\render">
      <UniqueIdentifier>{36abc265-bc9f-465d-8cb8-8827c0834e55}</UniqueIdentifier>
    </Filter>
    <Filter Include="headers">
      <UniqueIdentifier>{93995380-89BD-4b04-88EB-625FBE52EBFB}</UniqueIdentifier>
      <Extensions>h;hh;hpp;hxx;h++;hm;inl;inc;ipp;xsd</Extensions>
    </Filter>
    <Filter Include="source">
      <UniqueIdentifier>{4FC737F1-C7A5-4376-A066-2A32D752A2FF}</UniqueIdentifier>
      <Extensions>cpp;c;cc;cxx;c++;def;odl;idl;hpj;bat;asm;asmx</Extensions>
    </Filter>
    <Filter Include="resource">
      <UniqueIdentifier>{67DA6AB6-F800-4c08-8B7A-83BB121AAD01}</UniqueIdentifier>
      <Extensions>rc;ico;cur;bmp;dlg;rc2;rct;bin;rgs;gif;jpg;jpeg;jpe;resx;tiff;tif;png;wav;mfcribbon-ms</Extensions>
    </Filter>
    <Filter Include="win32">
      <UniqueIdentifier>{2f13a5a3-d7fd-436e-81d6-aa31e38ce7be}</UniqueIdentifier>
    </Filter>
  </ItemGroup>
  <ItemGroup>
    <ClInclude Include="framework.h">
      <Filter>headers</Filter>
    </ClInclude>
    <ClInclude Include="targetver.h">
      <Filter>headers</Filter>
    </ClInclude>
    <ClInclude Include="Resource.h">
      <Filter>headers</Filter>
    </ClInclude>
    <ClInclude Include="xui.h">
      <Filter>headers</Filter>
    </ClInclude>
    <ClInclude Include="xui\canvas.h">
      <Filter>xui</Filter>
    </ClInclude>
    <ClInclude Include="xui\types.h">
      <Filter>xui</Filter>
    </ClInclude>
    <ClInclude Include="xui\view.h">
      <Filter>xui</Filter>
    </ClInclude>
    <ClInclude Include="xui\widget.h">
      <Filter>xui</Filter>
    </ClInclude>
    <ClInclude Include="main_view.h">
      <Filter>source</Filter>
    </ClInclude>
    <ClInclude Include="xui\render\gdiplus_wrap.h">
      <Filter>xui\render</Filter>
    </ClInclude>
    <ClInclude Include="win32\win32_utils.h">
      <Filter>win32</Filter>
    </ClInclude>
    <ClInclude Include="xui\border.h">
      <Filter>xui</Filter>
    </ClInclude>
    <ClInclude Include="xui\widget_delegate.h">
      <Filter>xui</Filter>
    </ClInclude>
    <ClInclude Include="xui\background.h">
      <Filter>xui</Filter>
    </ClInclude>
  </ItemGroup>
  <ItemGroup>
    <ClCompile Include="xui.cpp">
      <Filter>source</Filter>
    </ClCompile>
    <ClCompile Include="xui\view.cpp">
      <Filter>xui</Filter>
    </ClCompile>
    <ClCompile Include="xui\canvas.cpp">
      <Filter>xui</Filter>
    </ClCompile>
    <ClCompile Include="xui\widget.cc">
      <Filter>xui</Filter>
    </ClCompile>
    <ClCompile Include="xui\render\gdiplus_wrap.cpp">
      <Filter>xui\render</Filter>
    </ClCompile>
    <ClCompile Include="main_view.cpp">
      <Filter>source</Filter>
    </ClCompile>
    <ClCompile Include="win32\win32_utils.cpp">
      <Filter>win32</Filter>
    </ClCompile>
    <ClCompile Include="xui\border.cc">
      <Filter>xui</Filter>
    </ClCompile>
    <ClCompile Include="xui\background.cc">
      <Filter>xui</Filter>
    </ClCompile>
  </ItemGroup>
  <ItemGroup>
    <Image Include="resource\small.ico">
      <Filter>resource</Filter>
    </Image>
    <Image Include="resource\xui.ico">
      <Filter>resource</Filter>
    </Image>
  </ItemGroup>
  <ItemGroup>
    <ResourceCompile Include="resource\xui.rc">
      <Filter>resource</Filter>
    </ResourceCompile>
  </ItemGroup>
</Project>